<?xml version="1.0" encoding="utf-8"?>
<Project ToolsVersion="4.0" xmlns="http://schemas.microsoft.com/developer/msbuild/2003">
  <ItemGroup>
    <Filter Include="Source Files">
      <UniqueIdentifier>{4FC737F1-C7A5-4376-A066-2A32D752A2FF}</UniqueIdentifier>
      <Extensions>cpp;c;cc;cxx;def;odl;idl;hpj;bat;asm;asmx</Extensions>
    </Filter>
    <Filter Include="Header Files">
      <UniqueIdentifier>{93995380-89BD-4b04-88EB-625FBE52EBFB}</UniqueIdentifier>
      <Extensions>h;hh;hpp;hxx;hm;inl;inc;xsd</Extensions>
    </Filter>
    <Filter Include="Resource Files">
      <UniqueIdentifier>{67DA6AB6-F800-4c08-8B7A-83BB121AAD01}</UniqueIdentifier>
      <Extensions>rc;ico;cur;bmp;dlg;rc2;rct;bin;rgs;gif;jpg;jpeg;jpe;resx;tiff;tif;png;wav</Extensions>
    </Filter>
  </ItemGroup>
  <ItemGroup>
    <ClCompile Include="src\DummyRequest.cpp">
      <Filter>Source Files</Filter>
    </ClCompile>
    <ClCompile Include="src\ExchangeApi.cpp">
      <Filter>Source Files</Filter>
    </ClCompile>
    <ClCompile Include="src\JsonMember.cpp">
      <Filter>Source Files</Filter>
    </ClCompile>
    <ClCompile Include="src\JsonResponse.cpp">
      <Filter>Source Files</Filter>
    </ClCompile>
    <ClCompile Include="src\Optional.cpp">
      <Filter>Source Files</Filter>
    </ClCompile>
    <ClCompile Include="src\account\AccountDetailsResponse.cpp">
      <Filter>Source Files</Filter>
    </ClCompile>
    <ClCompile Include="src\account\AccountFundsResponse.cpp">
      <Filter>Source Files</Filter>
    </ClCompile>
    <ClCompile Include="src\account\AccountStatementReport.cpp">
      <Filter>Source Files</Filter>
    </ClCompile>
    <ClCompile Include="src\account\AccountSubscription.cpp">
      <Filter>Source Files</Filter>
    </ClCompile>
    <ClCompile Include="src\account\ActivateApplicationSubscriptionRequest.cpp">
      <Filter>Source Files</Filter>
    </ClCompile>
    <ClCompile Include="src\account\ActivateApplicationSubscriptionResponse.cpp">
      <Filter>Source Files</Filter>
    </ClCompile>
    <ClCompile Include="src\account\AffiliateRelation.cpp">
      <Filter>Source Files</Filter>
    </ClCompile>
    <ClCompile Include="src\account\ApplicationSubscription.cpp">
      <Filter>Source Files</Filter>
    </ClCompile>
    <ClCompile Include="src\account\AuthorisationResponse.cpp">
      <Filter>Source Files</Filter>
    </ClCompile>
    <ClCompile Include="src\account\CancelApplicationSubscriptionRequest.cpp">
      <Filter>Source Files</Filter>
    </ClCompile>
    <ClCompile Include="src\account\CancelApplicationSubscriptionResponse.cpp">
      <Filter>Source Files</Filter>
    </ClCompile>
    <ClCompile Include="src\account\CreateDeveloperAppKeysRequest.cpp">
      <Filter>Source Files</Filter>
    </ClCompile>
    <ClCompile Include="src\account\CurrencyRate.cpp">
      <Filter>Source Files</Filter>
    </ClCompile>
    <ClCompile Include="src\account\DeveloperApp.cpp">
      <Filter>Source Files</Filter>
    </ClCompile>
    <ClCompile Include="src\account\DeveloperAppVersion.cpp">
      <Filter>Source Files</Filter>
    </ClCompile>
    <ClCompile Include="src\account\GetAccountFundsRequest.cpp">
      <Filter>Source Files</Filter>
    </ClCompile>
    <ClCompile Include="src\account\GetAccountStatementRequest.cpp">
      <Filter>Source Files</Filter>
    </ClCompile>
    <ClCompile Include="src\account\GetAffiliateRelationRequest.cpp">
      <Filter>Source Files</Filter>
    </ClCompile>
    <ClCompile Include="src\account\GetAffiliateRelationResponse.cpp">
      <Filter>Source Files</Filter>
    </ClCompile>
    <ClCompile Include="src\account\GetApplicationSubscriptionHistoryRequest.cpp">
      <Filter>Source Files</Filter>
    </ClCompile>
    <ClCompile Include="src\account\GetApplicationSubscriptionHistoryResponse.cpp">
      <Filter>Source Files</Filter>
    </ClCompile>
    <ClCompile Include="src\account\GetApplicationSubscriptionTokenRequest.cpp">
      <Filter>Source Files</Filter>
    </ClCompile>
    <ClCompile Include="src\account\GetApplicationSubscriptionTokenResponse.cpp">
      <Filter>Source Files</Filter>
    </ClCompile>
    <ClCompile Include="src\account\GetAuthorisationCodeRequest.cpp">
      <Filter>Source Files</Filter>
    </ClCompile>
    <ClCompile Include="src\account\GetDeveloperAppKeysResponse.cpp">
      <Filter>Source Files</Filter>
    </ClCompile>
    <ClCompile Include="src\account\GetVendorClientIdResponse.cpp">
      <Filter>Source Files</Filter>
    </ClCompile>
    <ClCompile Include="src\account\GetVendorDetailsRequest.cpp">
      <Filter>Source Files</Filter>
    </ClCompile>
    <ClCompile Include="src\account\IsAccountSubscribedToWebAppRequest.cpp">
      <Filter>Source Files</Filter>
    </ClCompile>
    <ClCompile Include="src\account\IsAccountSubscribedToWebAppResponse.cpp">
      <Filter>Source Files</Filter>
    </ClCompile>
    <ClCompile Include="src\account\ListAccountSubscriptionTokensResponse.cpp">
      <Filter>Source Files</Filter>
    </ClCompile>
    <ClCompile Include="src\account\ListApplicationSubscriptionTokensRequest.cpp">
      <Filter>Source Files</Filter>
    </ClCompile>
    <ClCompile Include="src\account\ListApplicationSubscriptionTokensResponse.cpp">
      <Filter>Source Files</Filter>
    </ClCompile>
    <ClCompile Include="src\account\ListAuthorizedWebAppsResponse.cpp">
      <Filter>Source Files</Filter>
    </ClCompile>
    <ClCompile Include="src\account\ListCurrencyRatesRequest.cpp">
      <Filter>Source Files</Filter>
    </ClCompile>
    <ClCompile Include="src\account\ListCurrencyRatesResponse.cpp">
      <Filter>Source Files</Filter>
    </ClCompile>
    <ClCompile Include="src\account\RevokeAccessToWebAppRequest.cpp">
      <Filter>Source Files</Filter>
    </ClCompile>
    <ClCompile Include="src\account\RevokeAccessToWebAppResponse.cpp">
      <Filter>Source Files</Filter>
    </ClCompile>
    <ClCompile Include="src\account\StatementItem.cpp">
      <Filter>Source Files</Filter>
    </ClCompile>
    <ClCompile Include="src\account\StatementLegacyData.cpp">
      <Filter>Source Files</Filter>
    </ClCompile>
    <ClCompile Include="src\account\SubscriptionHistory.cpp">
      <Filter>Source Files</Filter>
    </ClCompile>
    <ClCompile Include="src\account\SubscriptionOptions.cpp">
      <Filter>Source Files</Filter>
    </ClCompile>
    <ClCompile Include="src\account\SubscriptionTokenInfo.cpp">
      <Filter>Source Files</Filter>
    </ClCompile>
    <ClCompile Include="src\account\TokenRequest.cpp">
      <Filter>Source Files</Filter>
    </ClCompile>
    <ClCompile Include="src\account\TransferFundsRequest.cpp">
      <Filter>Source Files</Filter>
    </ClCompile>
    <ClCompile Include="src\account\TransferResponse.cpp">
      <Filter>Source Files</Filter>
    </ClCompile>
    <ClCompile Include="src\account\UpdateApplicationSubscriptionRequest.cpp">
      <Filter>Source Files</Filter>
    </ClCompile>
    <ClCompile Include="src\account\UpdateApplicationSubscriptionResponse.cpp">
      <Filter>Source Files</Filter>
    </ClCompile>
    <ClCompile Include="src\account\VendorAccessTokenInfo.cpp">
      <Filter>Source Files</Filter>
    </ClCompile>
    <ClCompile Include="src\account\VendorDetails.cpp">
      <Filter>Source Files</Filter>
    </ClCompile>
    <ClCompile Include="src\account\enum\AffiliateRelationStatus.cpp">
      <Filter>Source Files</Filter>
    </ClCompile>
    <ClCompile Include="src\account\enum\GrantType.cpp">
      <Filter>Source Files</Filter>
    </ClCompile>
    <ClCompile Include="src\account\enum\IncludeItem.cpp">
      <Filter>Source Files</Filter>
    </ClCompile>
    <ClCompile Include="src\account\enum\ItemClass.cpp">
      <Filter>Source Files</Filter>
    </ClCompile>
    <ClCompile Include="src\account\enum\Status.cpp">
      <Filter>Source Files</Filter>
    </ClCompile>
    <ClCompile Include="src\account\enum\SubscriptionStatus.cpp">
      <Filter>Source Files</Filter>
    </ClCompile>
    <ClCompile Include="src\account\enum\TokenType.cpp">
      <Filter>Source Files</Filter>
    </ClCompile>
    <ClCompile Include="src\account\enum\Wallet.cpp">
      <Filter>Source Files</Filter>
    </ClCompile>
    <ClCompile Include="src\common\TimeRange.cpp">
      <Filter>Source Files</Filter>
    </ClCompile>
    <ClCompile Include="src\curl\SList.cpp">
      <Filter>Source Files</Filter>
    </ClCompile>
    <ClCompile Include="src\heartbeat\HeartbeatReport.cpp">
      <Filter>Source Files</Filter>
    </ClCompile>
    <ClCompile Include="src\heartbeat\HeartbeatRequest.cpp">
      <Filter>Source Files</Filter>
    </ClCompile>
    <ClCompile Include="src\heartbeat\enum\ActionPerformed.cpp">
      <Filter>Source Files</Filter>
    </ClCompile>
    <ClCompile Include="src\menu\Menu.cpp">
      <Filter>Source Files</Filter>
    </ClCompile>
    <ClCompile Include="src\menu\Node.cpp">
      <Filter>Source Files</Filter>
    </ClCompile>
    <ClCompile Include="src\sport\CancelExecutionReport.cpp">
      <Filter>Source Files</Filter>
    </ClCompile>
    <ClCompile Include="src\sport\CancelInstruction.cpp">
      <Filter>Source Files</Filter>
    </ClCompile>
    <ClCompile Include="src\sport\CancelInstructionReport.cpp">
      <Filter>Source Files</Filter>
    </ClCompile>
    <ClCompile Include="src\sport\CancelOrdersRequest.cpp">
      <Filter>Source Files</Filter>
    </ClCompile>
    <ClCompile Include="src\sport\ClearedOrderSummary.cpp">
      <Filter>Source Files</Filter>
    </ClCompile>
    <ClCompile Include="src\sport\ClearedOrderSummaryReport.cpp">
      <Filter>Source Files</Filter>
    </ClCompile>
    <ClCompile Include="src\sport\Competition.cpp">
      <Filter>Source Files</Filter>
    </ClCompile>
    <ClCompile Include="src\sport\CompetitionResult.cpp">
      <Filter>Source Files</Filter>
    </ClCompile>
    <ClCompile Include="src\sport\CountryCodeResult.cpp">
      <Filter>Source Files</Filter>
    </ClCompile>
    <ClCompile Include="src\sport\CurrentOrderSummary.cpp">
      <Filter>Source Files</Filter>
    </ClCompile>
    <ClCompile Include="src\sport\CurrentOrderSummaryReport.cpp">
      <Filter>Source Files</Filter>
    </ClCompile>
    <ClCompile Include="src\sport\Event.cpp">
      <Filter>Source Files</Filter>
    </ClCompile>
    <ClCompile Include="src\sport\EventResult.cpp">
      <Filter>Source Files</Filter>
    </ClCompile>
    <ClCompile Include="src\sport\EventType.cpp">
      <Filter>Source Files</Filter>
    </ClCompile>
    <ClCompile Include="src\sport\EventTypeResult.cpp">
      <Filter>Source Files</Filter>
    </ClCompile>
    <ClCompile Include="src\sport\ExBestOffersOverrides.cpp">
      <Filter>Source Files</Filter>
    </ClCompile>
    <ClCompile Include="src\sport\ExchangePrices.cpp">
      <Filter>Source Files</Filter>
    </ClCompile>
    <ClCompile Include="src\sport\ItemDescription.cpp">
      <Filter>Source Files</Filter>
    </ClCompile>
    <ClCompile Include="src\sport\KeyLineDescription.cpp">
      <Filter>Source Files</Filter>
    </ClCompile>
    <ClCompile Include="src\sport\KeyLineSelection.cpp">
      <Filter>Source Files</Filter>
    </ClCompile>
    <ClCompile Include="src\sport\LimitOnCloseOrder.cpp">
      <Filter>Source Files</Filter>
    </ClCompile>
    <ClCompile Include="src\sport\LimitOrder.cpp">
      <Filter>Source Files</Filter>
    </ClCompile>
    <ClCompile Include="src\sport\ListClearedOrdersRequest.cpp">
      <Filter>Source Files</Filter>
    </ClCompile>
    <ClCompile Include="src\sport\ListCompetitionsRequest.cpp">
      <Filter>Source Files</Filter>
    </ClCompile>
    <ClCompile Include="src\sport\ListCompetitionsResponse.cpp">
      <Filter>Source Files</Filter>
    </ClCompile>
    <ClCompile Include="src\sport\ListCountriesRequest.cpp">
      <Filter>Source Files</Filter>
    </ClCompile>
    <ClCompile Include="src\sport\ListCountriesResponse.cpp">
      <Filter>Source Files</Filter>
    </ClCompile>
    <ClCompile Include="src\sport\ListCurrentOrdersRequest.cpp">
      <Filter>Source Files</Filter>
    </ClCompile>
    <ClCompile Include="src\sport\ListEventsRequest.cpp">
      <Filter>Source Files</Filter>
    </ClCompile>
    <ClCompile Include="src\sport\ListEventsResponse.cpp">
      <Filter>Source Files</Filter>
    </ClCompile>
    <ClCompile Include="src\sport\ListEventTypesRequest.cpp">
      <Filter>Source Files</Filter>
    </ClCompile>
    <ClCompile Include="src\sport\ListEventTypesResponse.cpp">
      <Filter>Source Files</Filter>
    </ClCompile>
    <ClCompile Include="src\sport\ListMarketBookRequest.cpp">
      <Filter>Source Files</Filter>
    </ClCompile>
    <ClCompile Include="src\sport\ListMarketBookResponse.cpp">
      <Filter>Source Files</Filter>
    </ClCompile>
    <ClCompile Include="src\sport\ListMarketCatalogueRequest.cpp">
      <Filter>Source Files</Filter>
    </ClCompile>
    <ClCompile Include="src\sport\ListMarketCatalogueResponse.cpp">
      <Filter>Source Files</Filter>
    </ClCompile>
    <ClCompile Include="src\sport\ListMarketProfitAndLossRequest.cpp">
      <Filter>Source Files</Filter>
    </ClCompile>
    <ClCompile Include="src\sport\ListMarketProfitAndLossResponse.cpp">
      <Filter>Source Files</Filter>
    </ClCompile>
    <ClCompile Include="src\sport\ListMarketTypesRequest.cpp">
      <Filter>Source Files</Filter>
    </ClCompile>
    <ClCompile Include="src\sport\ListMarketTypesResponse.cpp">
      <Filter>Source Files</Filter>
    </ClCompile>
    <ClCompile Include="src\sport\ListRunnerBookRequest.cpp">
      <Filter>Source Files</Filter>
    </ClCompile>
    <ClCompile Include="src\sport\ListRunnerBookResponse.cpp">
      <Filter>Source Files</Filter>
    </ClCompile>
    <ClCompile Include="src\sport\ListTimeRangesRequest.cpp">
      <Filter>Source Files</Filter>
    </ClCompile>
    <ClCompile Include="src\sport\ListTimeRangesResponse.cpp">
      <Filter>Source Files</Filter>
    </ClCompile>
    <ClCompile Include="src\sport\ListVenuesRequest.cpp">
      <Filter>Source Files</Filter>
    </ClCompile>
    <ClCompile Include="src\sport\ListVenuesResponse.cpp">
      <Filter>Source Files</Filter>
    </ClCompile>
    <ClCompile Include="src\sport\MarketBook.cpp">
      <Filter>Source Files</Filter>
    </ClCompile>
    <ClCompile Include="src\sport\MarketCatalogue.cpp">
      <Filter>Source Files</Filter>
    </ClCompile>
    <ClCompile Include="src\sport\MarketDescription.cpp">
      <Filter>Source Files</Filter>
    </ClCompile>
    <ClCompile Include="src\sport\MarketFilter.cpp">
      <Filter>Source Files</Filter>
    </ClCompile>
    <ClCompile Include="src\sport\MarketLicence.cpp">
      <Filter>Source Files</Filter>
    </ClCompile>
    <ClCompile Include="src\sport\MarketLineRangeInfo.cpp">
      <Filter>Source Files</Filter>
    </ClCompile>
    <ClCompile Include="src\sport\MarketOnCloseOrder.cpp">
      <Filter>Source Files</Filter>
    </ClCompile>
    <ClCompile Include="src\sport\MarketProfitAndLoss.cpp">
      <Filter>Source Files</Filter>
    </ClCompile>
    <ClCompile Include="src\sport\MarketRates.cpp">
      <Filter>Source Files</Filter>
    </ClCompile>
    <ClCompile Include="src\sport\MarketState.cpp">
      <Filter>Source Files</Filter>
    </ClCompile>
    <ClCompile Include="src\sport\MarketTypeResult.cpp">
      <Filter>Source Files</Filter>
    </ClCompile>
    <ClCompile Include="src\sport\MarketVersion.cpp">
      <Filter>Source Files</Filter>
    </ClCompile>
    <ClCompile Include="src\sport\Match.cpp">
      <Filter>Source Files</Filter>
    </ClCompile>
    <ClCompile Include="src\sport\Matches.cpp">
      <Filter>Source Files</Filter>
    </ClCompile>
    <ClCompile Include="src\sport\Order.cpp">
      <Filter>Source Files</Filter>
    </ClCompile>
    <ClCompile Include="src\sport\PlaceExecutionReport.cpp">
      <Filter>Source Files</Filter>
    </ClCompile>
    <ClCompile Include="src\sport\PlaceInstruction.cpp">
      <Filter>Source Files</Filter>
    </ClCompile>
    <ClCompile Include="src\sport\PlaceInstructionReport.cpp">
      <Filter>Source Files</Filter>
    </ClCompile>
    <ClCompile Include="src\sport\PlaceOrdersRequest.cpp">
      <Filter>Source Files</Filter>
    </ClCompile>
    <ClCompile Include="src\sport\PriceLadderDescription.cpp">
      <Filter>Source Files</Filter>
    </ClCompile>
    <ClCompile Include="src\sport\PriceProjection.cpp">
      <Filter>Source Files</Filter>
    </ClCompile>
    <ClCompile Include="src\sport\PriceSize.cpp">
      <Filter>Source Files</Filter>
    </ClCompile>
    <ClCompile Include="src\sport\ReplaceExecutionReport.cpp">
      <Filter>Source Files</Filter>
    </ClCompile>
    <ClCompile Include="src\sport\ReplaceInstruction.cpp">
      <Filter>Source Files</Filter>
    </ClCompile>
    <ClCompile Include="src\sport\ReplaceInstructionReport.cpp">
      <Filter>Source Files</Filter>
    </ClCompile>
    <ClCompile Include="src\sport\ReplaceOrdersRequest.cpp">
      <Filter>Source Files</Filter>
    </ClCompile>
    <ClCompile Include="src\sport\Runner.cpp">
      <Filter>Source Files</Filter>
    </ClCompile>
    <ClCompile Include="src\sport\RunnerCatalog.cpp">
      <Filter>Source Files</Filter>
    </ClCompile>
    <ClCompile Include="src\sport\RunnerId.cpp">
      <Filter>Source Files</Filter>
    </ClCompile>
    <ClCompile Include="src\sport\RunnerProfitAndLoss.cpp">
      <Filter>Source Files</Filter>
    </ClCompile>
    <ClCompile Include="src\sport\StartingPrices.cpp">
      <Filter>Source Files</Filter>
    </ClCompile>
    <ClCompile Include="src\sport\TimeRangeResult.cpp">
      <Filter>Source Files</Filter>
    </ClCompile>
    <ClCompile Include="src\sport\UpdateExecutionReport.cpp">
      <Filter>Source Files</Filter>
    </ClCompile>
    <ClCompile Include="src\sport\UpdateInstruction.cpp">
      <Filter>Source Files</Filter>
    </ClCompile>
    <ClCompile Include="src\sport\UpdateInstructionReport.cpp">
      <Filter>Source Files</Filter>
    </ClCompile>
    <ClCompile Include="src\sport\UpdateOrdersRequest.cpp">
      <Filter>Source Files</Filter>
    </ClCompile>
    <ClCompile Include="src\sport\VenueResult.cpp">
      <Filter>Source Files</Filter>
    </ClCompile>
    <ClCompile Include="src\sport\enum\BetStatus.cpp">
      <Filter>Source Files</Filter>
    </ClCompile>
    <ClCompile Include="src\sport\enum\BetTargetType.cpp">
      <Filter>Source Files</Filter>
    </ClCompile>
    <ClCompile Include="src\sport\enum\ExecutionReportErrorCode.cpp">
      <Filter>Source Files</Filter>
    </ClCompile>
    <ClCompile Include="src\sport\enum\ExecutionReportStatus.cpp">
      <Filter>Source Files</Filter>
    </ClCompile>
    <ClCompile Include="src\sport\enum\GroupBy.cpp">
      <Filter>Source Files</Filter>
    </ClCompile>
    <ClCompile Include="src\sport\enum\InstructionReportErrorCode.cpp">
      <Filter>Source Files</Filter>
    </ClCompile>
    <ClCompile Include="src\sport\enum\InstructionReportStatus.cpp">
      <Filter>Source Files</Filter>
    </ClCompile>
    <ClCompile Include="src\sport\enum\MarketBettingType.cpp">
      <Filter>Source Files</Filter>
    </ClCompile>
    <ClCompile Include="src\sport\enum\MarketProjection.cpp">
      <Filter>Source Files</Filter>
    </ClCompile>
    <ClCompile Include="src\sport\enum\MarketSort.cpp">
      <Filter>Source Files</Filter>
    </ClCompile>
    <ClCompile Include="src\sport\enum\MarketStatus.cpp">
      <Filter>Source Files</Filter>
    </ClCompile>
    <ClCompile Include="src\sport\enum\MatchProjection.cpp">
      <Filter>Source Files</Filter>
    </ClCompile>
    <ClCompile Include="src\sport\enum\OrderBy.cpp">
      <Filter>Source Files</Filter>
    </ClCompile>
    <ClCompile Include="src\sport\enum\OrderProjection.cpp">
      <Filter>Source Files</Filter>
    </ClCompile>
    <ClCompile Include="src\sport\enum\OrderStatus.cpp">
      <Filter>Source Files</Filter>
    </ClCompile>
    <ClCompile Include="src\sport\enum\OrderType.cpp">
      <Filter>Source Files</Filter>
    </ClCompile>
    <ClCompile Include="src\sport\enum\PersistenceType.cpp">
      <Filter>Source Files</Filter>
    </ClCompile>
    <ClCompile Include="src\sport\enum\PriceData.cpp">
      <Filter>Source Files</Filter>
    </ClCompile>
    <ClCompile Include="src\sport\enum\PriceLadderType.cpp">
      <Filter>Source Files</Filter>
    </ClCompile>
    <ClCompile Include="src\sport\enum\RollupModel.cpp">
      <Filter>Source Files</Filter>
    </ClCompile>
    <ClCompile Include="src\sport\enum\RunnerStatus.cpp">
      <Filter>Source Files</Filter>
    </ClCompile>
    <ClCompile Include="src\sport\enum\Side.cpp">
      <Filter>Source Files</Filter>
    </ClCompile>
    <ClCompile Include="src\sport\enum\SortDir.cpp">
      <Filter>Source Files</Filter>
    </ClCompile>
    <ClCompile Include="src\sport\enum\TimeGranularity.cpp">
      <Filter>Source Files</Filter>
    </ClCompile>
    <ClCompile Include="src\sport\enum\TimeInForce.cpp">
      <Filter>Source Files</Filter>
    </ClCompile>
    <ClCompile Include="src\curl\Curl.cpp">
      <Filter>Source Files</Filter>
    </ClCompile>
    <ClCompile Include="src\sport\AddExposureReuseEnabledEventsRequest.cpp">
      <Filter>Source Files</Filter>
    </ClCompile>
    <ClCompile Include="src\sport\AddExposureReuseEnabledEventsResponse.cpp">
      <Filter>Source Files</Filter>
    </ClCompile>
    <ClCompile Include="src\sport\enum\LimitBreachActionType.cpp">
      <Filter>Source Files</Filter>
    </ClCompile>
    <ClCompile Include="src\sport\enum\MarketGroupType.cpp">
      <Filter>Source Files</Filter>
    </ClCompile>
    <ClCompile Include="src\sport\ExposureLimit.cpp">
      <Filter>Source Files</Filter>
    </ClCompile>
    <ClCompile Include="src\sport\ExposureLimitsForMarketGroups.cpp">
      <Filter>Source Files</Filter>
    </ClCompile>
    <ClCompile Include="src\sport\GetExposureReuseEnabledEventsResponse.cpp">
      <Filter>Source Files</Filter>
    </ClCompile>
    <ClCompile Include="src\sport\LimitBreachAction.cpp">
      <Filter>Source Files</Filter>
    </ClCompile>
    <ClCompile Include="src\sport\ListExposureLimitsForMarketGroupsRequest.cpp">
      <Filter>Source Files</Filter>
    </ClCompile>
    <ClCompile Include="src\sport\ListExposureLimitsForMarketGroupsResponse.cpp">
      <Filter>Source Files</Filter>
    </ClCompile>
    <ClCompile Include="src\sport\MarketGroup.cpp">
      <Filter>Source Files</Filter>
    </ClCompile>
    <ClCompile Include="src\sport\MarketGroupExposureLimit.cpp">
      <Filter>Source Files</Filter>
    </ClCompile>
    <ClCompile Include="src\sport\MarketGroupId.cpp">
      <Filter>Source Files</Filter>
    </ClCompile>
    <ClCompile Include="src\sport\RemoveDefaultExposureLimitForMarketGroupsRequest.cpp">
      <Filter>Source Files</Filter>
    </ClCompile>
    <ClCompile Include="src\sport\RemoveDefaultExposureLimitForMarketGroupsResponse.cpp">
      <Filter>Source Files</Filter>
    </ClCompile>
    <ClCompile Include="src\sport\RemoveExposureLimitForMarketGroupRequest.cpp">
      <Filter>Source Files</Filter>
    </ClCompile>
    <ClCompile Include="src\sport\RemoveExposureLimitForMarketGroupResponse.cpp">
      <Filter>Source Files</Filter>
    </ClCompile>
    <ClCompile Include="src\sport\RemoveExposureReuseEnabledEventsRequest.cpp">
      <Filter>Source Files</Filter>
    </ClCompile>
    <ClCompile Include="src\sport\RemoveExposureReuseEnabledEventsResponse.cpp">
      <Filter>Source Files</Filter>
    </ClCompile>
    <ClCompile Include="src\sport\SetDefaultExposureLimitForMarketGroupsRequest.cpp">
      <Filter>Source Files</Filter>
    </ClCompile>
    <ClCompile Include="src\sport\SetDefaultExposureLimitForMarketGroupsResponse.cpp">
      <Filter>Source Files</Filter>
    </ClCompile>
    <ClCompile Include="src\sport\SetExposureLimitForMarketGroupRequest.cpp">
      <Filter>Source Files</Filter>
    </ClCompile>
    <ClCompile Include="src\sport\SetExposureLimitForMarketGroupResponse.cpp">
      <Filter>Source Files</Filter>
    </ClCompile>
    <ClCompile Include="src\sport\UnblockMarketGroupRequest.cpp">
      <Filter>Source Files</Filter>
    </ClCompile>
    <ClCompile Include="src\sport\UnblockMarketGroupResponse.cpp">
      <Filter>Source Files</Filter>
    </ClCompile>
    <ClCompile Include="src\stream\AuthenticationMessage.cpp">
      <Filter>Source Files</Filter>
    </ClCompile>
    <ClCompile Include="src\stream\KeyLineDefinition.cpp">
      <Filter>Source Files</Filter>
    </ClCompile>
    <ClCompile Include="src\stream\KeyLineSelection.cpp">
      <Filter>Source Files</Filter>
    </ClCompile>
    <ClCompile Include="src\stream\MarketChange.cpp">
      <Filter>Source Files</Filter>
    </ClCompile>
    <ClCompile Include="src\stream\MarketChangeMessage.cpp">
      <Filter>Source Files</Filter>
    </ClCompile>
    <ClCompile Include="src\stream\MarketDataFilter.cpp">
      <Filter>Source Files</Filter>
    </ClCompile>
    <ClCompile Include="src\stream\MarketDefinition.cpp">
      <Filter>Source Files</Filter>
    </ClCompile>
    <ClCompile Include="src\stream\MarketFilter.cpp">
      <Filter>Source Files</Filter>
    </ClCompile>
    <ClCompile Include="src\stream\MarketSubscriptionMessage.cpp">
      <Filter>Source Files</Filter>
    </ClCompile>
    <ClCompile Include="src\stream\Observable.cpp">
      <Filter>Source Files</Filter>
    </ClCompile>
    <ClCompile Include="src\stream\PriceLadderDefinition.cpp">
      <Filter>Source Files</Filter>
    </ClCompile>
    <ClCompile Include="src\stream\RunnerChange.cpp">
      <Filter>Source Files</Filter>
    </ClCompile>
    <ClCompile Include="src\stream\RunnerDefinition.cpp">
      <Filter>Source Files</Filter>
    </ClCompile>
    <ClCompile Include="src\StreamApi.cpp">
      <Filter>Source Files</Filter>
    </ClCompile>
  </ItemGroup>
  <ItemGroup>
    <ClInclude Include="include\greentop\DummyRequest.h">
      <Filter>Header Files</Filter>
    </ClInclude>
    <ClInclude Include="include\greentop\Enum.h">
      <Filter>Header Files</Filter>
    </ClInclude>
    <ClInclude Include="include\greentop\Exchange.h">
      <Filter>Header Files</Filter>
    </ClInclude>
    <ClInclude Include="include\greentop\ExchangeApi.h">
      <Filter>Header Files</Filter>
    </ClInclude>
    <ClInclude Include="include\greentop\JsonMember.h">
      <Filter>Header Files</Filter>
    </ClInclude>
    <ClInclude Include="include\greentop\JsonRequest.h">
      <Filter>Header Files</Filter>
    </ClInclude>
    <ClInclude Include="include\greentop\JsonResponse.h">
      <Filter>Header Files</Filter>
    </ClInclude>
    <ClInclude Include="include\greentop\LRUCache.h">
      <Filter>Header Files</Filter>
    </ClInclude>
    <ClInclude Include="include\greentop\Optional.h">
      <Filter>Header Files</Filter>
    </ClInclude>
    <ClInclude Include="include\greentop\Time.h">
      <Filter>Header Files</Filter>
    </ClInclude>
    <ClInclude Include="include\greentop\account\AccountDetailsResponse.h">
      <Filter>Header Files</Filter>
    </ClInclude>
    <ClInclude Include="include\greentop\account\AccountFundsResponse.h">
      <Filter>Header Files</Filter>
    </ClInclude>
    <ClInclude Include="include\greentop\account\AccountStatementReport.h">
      <Filter>Header Files</Filter>
    </ClInclude>
    <ClInclude Include="include\greentop\account\AccountSubscription.h">
      <Filter>Header Files</Filter>
    </ClInclude>
    <ClInclude Include="include\greentop\account\ActivateApplicationSubscriptionRequest.h">
      <Filter>Header Files</Filter>
    </ClInclude>
    <ClInclude Include="include\greentop\account\ActivateApplicationSubscriptionResponse.h">
      <Filter>Header Files</Filter>
    </ClInclude>
    <ClInclude Include="include\greentop\account\AffiliateRelation.h">
      <Filter>Header Files</Filter>
    </ClInclude>
    <ClInclude Include="include\greentop\account\ApplicationSubscription.h">
      <Filter>Header Files</Filter>
    </ClInclude>
    <ClInclude Include="include\greentop\account\AuthorisationResponse.h">
      <Filter>Header Files</Filter>
    </ClInclude>
    <ClInclude Include="include\greentop\account\CancelApplicationSubscriptionRequest.h">
      <Filter>Header Files</Filter>
    </ClInclude>
    <ClInclude Include="include\greentop\account\CancelApplicationSubscriptionResponse.h">
      <Filter>Header Files</Filter>
    </ClInclude>
    <ClInclude Include="include\greentop\account\CreateDeveloperAppKeysRequest.h">
      <Filter>Header Files</Filter>
    </ClInclude>
    <ClInclude Include="include\greentop\account\CurrencyRate.h">
      <Filter>Header Files</Filter>
    </ClInclude>
    <ClInclude Include="include\greentop\account\DeveloperApp.h">
      <Filter>Header Files</Filter>
    </ClInclude>
    <ClInclude Include="include\greentop\account\DeveloperAppVersion.h">
      <Filter>Header Files</Filter>
    </ClInclude>
    <ClInclude Include="include\greentop\account\GetAccountFundsRequest.h">
      <Filter>Header Files</Filter>
    </ClInclude>
    <ClInclude Include="include\greentop\account\GetAccountStatementRequest.h">
      <Filter>Header Files</Filter>
    </ClInclude>
    <ClInclude Include="include\greentop\account\GetAffiliateRelationRequest.h">
      <Filter>Header Files</Filter>
    </ClInclude>
    <ClInclude Include="include\greentop\account\GetAffiliateRelationResponse.h">
      <Filter>Header Files</Filter>
    </ClInclude>
    <ClInclude Include="include\greentop\account\GetApplicationSubscriptionHistoryRequest.h">
      <Filter>Header Files</Filter>
    </ClInclude>
    <ClInclude Include="include\greentop\account\GetApplicationSubscriptionHistoryResponse.h">
      <Filter>Header Files</Filter>
    </ClInclude>
    <ClInclude Include="include\greentop\account\GetApplicationSubscriptionTokenRequest.h">
      <Filter>Header Files</Filter>
    </ClInclude>
    <ClInclude Include="include\greentop\account\GetApplicationSubscriptionTokenResponse.h">
      <Filter>Header Files</Filter>
    </ClInclude>
    <ClInclude Include="include\greentop\account\GetAuthorisationCodeRequest.h">
      <Filter>Header Files</Filter>
    </ClInclude>
    <ClInclude Include="include\greentop\account\GetDeveloperAppKeysResponse.h">
      <Filter>Header Files</Filter>
    </ClInclude>
    <ClInclude Include="include\greentop\account\GetVendorClientIdResponse.h">
      <Filter>Header Files</Filter>
    </ClInclude>
    <ClInclude Include="include\greentop\account\GetVendorDetailsRequest.h">
      <Filter>Header Files</Filter>
    </ClInclude>
    <ClInclude Include="include\greentop\account\IsAccountSubscribedToWebAppRequest.h">
      <Filter>Header Files</Filter>
    </ClInclude>
    <ClInclude Include="include\greentop\account\IsAccountSubscribedToWebAppResponse.h">
      <Filter>Header Files</Filter>
    </ClInclude>
    <ClInclude Include="include\greentop\account\ListAccountSubscriptionTokensResponse.h">
      <Filter>Header Files</Filter>
    </ClInclude>
    <ClInclude Include="include\greentop\account\ListApplicationSubscriptionTokensRequest.h">
      <Filter>Header Files</Filter>
    </ClInclude>
    <ClInclude Include="include\greentop\account\ListApplicationSubscriptionTokensResponse.h">
      <Filter>Header Files</Filter>
    </ClInclude>
    <ClInclude Include="include\greentop\account\ListAuthorizedWebAppsResponse.h">
      <Filter>Header Files</Filter>
    </ClInclude>
    <ClInclude Include="include\greentop\account\ListCurrencyRatesRequest.h">
      <Filter>Header Files</Filter>
    </ClInclude>
    <ClInclude Include="include\greentop\account\ListCurrencyRatesResponse.h">
      <Filter>Header Files</Filter>
    </ClInclude>
    <ClInclude Include="include\greentop\account\RevokeAccessToWebAppRequest.h">
      <Filter>Header Files</Filter>
    </ClInclude>
    <ClInclude Include="include\greentop\account\RevokeAccessToWebAppResponse.h">
      <Filter>Header Files</Filter>
    </ClInclude>
    <ClInclude Include="include\greentop\account\StatementItem.h">
      <Filter>Header Files</Filter>
    </ClInclude>
    <ClInclude Include="include\greentop\account\StatementLegacyData.h">
      <Filter>Header Files</Filter>
    </ClInclude>
    <ClInclude Include="include\greentop\account\SubscriptionHistory.h">
      <Filter>Header Files</Filter>
    </ClInclude>
    <ClInclude Include="include\greentop\account\SubscriptionOptions.h">
      <Filter>Header Files</Filter>
    </ClInclude>
    <ClInclude Include="include\greentop\account\SubscriptionTokenInfo.h">
      <Filter>Header Files</Filter>
    </ClInclude>
    <ClInclude Include="include\greentop\account\TokenRequest.h">
      <Filter>Header Files</Filter>
    </ClInclude>
    <ClInclude Include="include\greentop\account\TransferFundsRequest.h">
      <Filter>Header Files</Filter>
    </ClInclude>
    <ClInclude Include="include\greentop\account\TransferResponse.h">
      <Filter>Header Files</Filter>
    </ClInclude>
    <ClInclude Include="include\greentop\account\UpdateApplicationSubscriptionRequest.h">
      <Filter>Header Files</Filter>
    </ClInclude>
    <ClInclude Include="include\greentop\account\UpdateApplicationSubscriptionResponse.h">
      <Filter>Header Files</Filter>
    </ClInclude>
    <ClInclude Include="include\greentop\account\VendorAccessTokenInfo.h">
      <Filter>Header Files</Filter>
    </ClInclude>
    <ClInclude Include="include\greentop\account\VendorDetails.h">
      <Filter>Header Files</Filter>
    </ClInclude>
    <ClInclude Include="include\greentop\account\enum\AffiliateRelationStatus.h">
      <Filter>Header Files</Filter>
    </ClInclude>
    <ClInclude Include="include\greentop\account\enum\GrantType.h">
      <Filter>Header Files</Filter>
    </ClInclude>
    <ClInclude Include="include\greentop\account\enum\IncludeItem.h">
      <Filter>Header Files</Filter>
    </ClInclude>
    <ClInclude Include="include\greentop\account\enum\ItemClass.h">
      <Filter>Header Files</Filter>
    </ClInclude>
    <ClInclude Include="include\greentop\account\enum\Status.h">
      <Filter>Header Files</Filter>
    </ClInclude>
    <ClInclude Include="include\greentop\account\enum\SubscriptionStatus.h">
      <Filter>Header Files</Filter>
    </ClInclude>
    <ClInclude Include="include\greentop\account\enum\TokenType.h">
      <Filter>Header Files</Filter>
    </ClInclude>
    <ClInclude Include="include\greentop\account\enum\Wallet.h">
      <Filter>Header Files</Filter>
    </ClInclude>
    <ClInclude Include="include\greentop\common\TimeRange.h">
      <Filter>Header Files</Filter>
    </ClInclude>
    <ClInclude Include="include\greentop\curl\SList.h">
      <Filter>Header Files</Filter>
    </ClInclude>
    <ClInclude Include="include\greentop\heartbeat\HeartbeatReport.h">
      <Filter>Header Files</Filter>
    </ClInclude>
    <ClInclude Include="include\greentop\heartbeat\HeartbeatRequest.h">
      <Filter>Header Files</Filter>
    </ClInclude>
    <ClInclude Include="include\greentop\heartbeat\enum\ActionPerformed.h">
      <Filter>Header Files</Filter>
    </ClInclude>
    <ClInclude Include="include\greentop\menu\Menu.h">
      <Filter>Header Files</Filter>
    </ClInclude>
    <ClInclude Include="include\greentop\menu\Node.h">
      <Filter>Header Files</Filter>
    </ClInclude>
    <ClInclude Include="include\greentop\sport\CancelExecutionReport.h">
      <Filter>Header Files</Filter>
    </ClInclude>
    <ClInclude Include="include\greentop\sport\CancelInstruction.h">
      <Filter>Header Files</Filter>
    </ClInclude>
    <ClInclude Include="include\greentop\sport\CancelInstructionReport.h">
      <Filter>Header Files</Filter>
    </ClInclude>
    <ClInclude Include="include\greentop\sport\CancelOrdersRequest.h">
      <Filter>Header Files</Filter>
    </ClInclude>
    <ClInclude Include="include\greentop\sport\ClearedOrderSummary.h">
      <Filter>Header Files</Filter>
    </ClInclude>
    <ClInclude Include="include\greentop\sport\ClearedOrderSummaryReport.h">
      <Filter>Header Files</Filter>
    </ClInclude>
    <ClInclude Include="include\greentop\sport\Competition.h">
      <Filter>Header Files</Filter>
    </ClInclude>
    <ClInclude Include="include\greentop\sport\CompetitionResult.h">
      <Filter>Header Files</Filter>
    </ClInclude>
    <ClInclude Include="include\greentop\sport\CountryCodeResult.h">
      <Filter>Header Files</Filter>
    </ClInclude>
    <ClInclude Include="include\greentop\sport\CurrentOrderSummary.h">
      <Filter>Header Files</Filter>
    </ClInclude>
    <ClInclude Include="include\greentop\sport\CurrentOrderSummaryReport.h">
      <Filter>Header Files</Filter>
    </ClInclude>
    <ClInclude Include="include\greentop\sport\Event.h">
      <Filter>Header Files</Filter>
    </ClInclude>
    <ClInclude Include="include\greentop\sport\EventResult.h">
      <Filter>Header Files</Filter>
    </ClInclude>
    <ClInclude Include="include\greentop\sport\EventType.h">
      <Filter>Header Files</Filter>
    </ClInclude>
    <ClInclude Include="include\greentop\sport\EventTypeResult.h">
      <Filter>Header Files</Filter>
    </ClInclude>
    <ClInclude Include="include\greentop\sport\ExBestOffersOverrides.h">
      <Filter>Header Files</Filter>
    </ClInclude>
    <ClInclude Include="include\greentop\sport\ExchangePrices.h">
      <Filter>Header Files</Filter>
    </ClInclude>
    <ClInclude Include="include\greentop\sport\ItemDescription.h">
      <Filter>Header Files</Filter>
    </ClInclude>
    <ClInclude Include="include\greentop\sport\KeyLineDescription.h">
      <Filter>Header Files</Filter>
    </ClInclude>
    <ClInclude Include="include\greentop\sport\KeyLineSelection.h">
      <Filter>Header Files</Filter>
    </ClInclude>
    <ClInclude Include="include\greentop\sport\LimitOnCloseOrder.h">
      <Filter>Header Files</Filter>
    </ClInclude>
    <ClInclude Include="include\greentop\sport\LimitOrder.h">
      <Filter>Header Files</Filter>
    </ClInclude>
    <ClInclude Include="include\greentop\sport\ListClearedOrdersRequest.h">
      <Filter>Header Files</Filter>
    </ClInclude>
    <ClInclude Include="include\greentop\sport\ListCompetitionsRequest.h">
      <Filter>Header Files</Filter>
    </ClInclude>
    <ClInclude Include="include\greentop\sport\ListCompetitionsResponse.h">
      <Filter>Header Files</Filter>
    </ClInclude>
    <ClInclude Include="include\greentop\sport\ListCountriesRequest.h">
      <Filter>Header Files</Filter>
    </ClInclude>
    <ClInclude Include="include\greentop\sport\ListCountriesResponse.h">
      <Filter>Header Files</Filter>
    </ClInclude>
    <ClInclude Include="include\greentop\sport\ListCurrentOrdersRequest.h">
      <Filter>Header Files</Filter>
    </ClInclude>
    <ClInclude Include="include\greentop\sport\ListEventsRequest.h">
      <Filter>Header Files</Filter>
    </ClInclude>
    <ClInclude Include="include\greentop\sport\ListEventsResponse.h">
      <Filter>Header Files</Filter>
    </ClInclude>
    <ClInclude Include="include\greentop\sport\ListEventTypesRequest.h">
      <Filter>Header Files</Filter>
    </ClInclude>
    <ClInclude Include="include\greentop\sport\ListEventTypesResponse.h">
      <Filter>Header Files</Filter>
    </ClInclude>
    <ClInclude Include="include\greentop\sport\ListMarketBookRequest.h">
      <Filter>Header Files</Filter>
    </ClInclude>
    <ClInclude Include="include\greentop\sport\ListMarketBookResponse.h">
      <Filter>Header Files</Filter>
    </ClInclude>
    <ClInclude Include="include\greentop\sport\ListMarketCatalogueRequest.h">
      <Filter>Header Files</Filter>
    </ClInclude>
    <ClInclude Include="include\greentop\sport\ListMarketCatalogueResponse.h">
      <Filter>Header Files</Filter>
    </ClInclude>
    <ClInclude Include="include\greentop\sport\ListMarketProfitAndLossRequest.h">
      <Filter>Header Files</Filter>
    </ClInclude>
    <ClInclude Include="include\greentop\sport\ListMarketProfitAndLossResponse.h">
      <Filter>Header Files</Filter>
    </ClInclude>
    <ClInclude Include="include\greentop\sport\ListMarketTypesRequest.h">
      <Filter>Header Files</Filter>
    </ClInclude>
    <ClInclude Include="include\greentop\sport\ListMarketTypesResponse.h">
      <Filter>Header Files</Filter>
    </ClInclude>
    <ClInclude Include="include\greentop\sport\ListRunnerBookRequest.h">
      <Filter>Header Files</Filter>
    </ClInclude>
    <ClInclude Include="include\greentop\sport\ListRunnerBookResponse.h">
      <Filter>Header Files</Filter>
    </ClInclude>
    <ClInclude Include="include\greentop\sport\ListTimeRangesRequest.h">
      <Filter>Header Files</Filter>
    </ClInclude>
    <ClInclude Include="include\greentop\sport\ListTimeRangesResponse.h">
      <Filter>Header Files</Filter>
    </ClInclude>
    <ClInclude Include="include\greentop\sport\ListVenuesRequest.h">
      <Filter>Header Files</Filter>
    </ClInclude>
    <ClInclude Include="include\greentop\sport\ListVenuesResponse.h">
      <Filter>Header Files</Filter>
    </ClInclude>
    <ClInclude Include="include\greentop\sport\MarketBook.h">
      <Filter>Header Files</Filter>
    </ClInclude>
    <ClInclude Include="include\greentop\sport\MarketCatalogue.h">
      <Filter>Header Files</Filter>
    </ClInclude>
    <ClInclude Include="include\greentop\sport\MarketDescription.h">
      <Filter>Header Files</Filter>
    </ClInclude>
    <ClInclude Include="include\greentop\sport\MarketFilter.h">
      <Filter>Header Files</Filter>
    </ClInclude>
    <ClInclude Include="include\greentop\sport\MarketLicence.h">
      <Filter>Header Files</Filter>
    </ClInclude>
    <ClInclude Include="include\greentop\sport\MarketLineRangeInfo.h">
      <Filter>Header Files</Filter>
    </ClInclude>
    <ClInclude Include="include\greentop\sport\MarketOnCloseOrder.h">
      <Filter>Header Files</Filter>
    </ClInclude>
    <ClInclude Include="include\greentop\sport\MarketProfitAndLoss.h">
      <Filter>Header Files</Filter>
    </ClInclude>
    <ClInclude Include="include\greentop\sport\MarketRates.h">
      <Filter>Header Files</Filter>
    </ClInclude>
    <ClInclude Include="include\greentop\sport\MarketState.h">
      <Filter>Header Files</Filter>
    </ClInclude>
    <ClInclude Include="include\greentop\sport\MarketTypeResult.h">
      <Filter>Header Files</Filter>
    </ClInclude>
    <ClInclude Include="include\greentop\sport\MarketVersion.h">
      <Filter>Header Files</Filter>
    </ClInclude>
    <ClInclude Include="include\greentop\sport\Match.h">
      <Filter>Header Files</Filter>
    </ClInclude>
    <ClInclude Include="include\greentop\sport\Matches.h">
      <Filter>Header Files</Filter>
    </ClInclude>
    <ClInclude Include="include\greentop\sport\Order.h">
      <Filter>Header Files</Filter>
    </ClInclude>
    <ClInclude Include="include\greentop\sport\PlaceExecutionReport.h">
      <Filter>Header Files</Filter>
    </ClInclude>
    <ClInclude Include="include\greentop\sport\PlaceInstruction.h">
      <Filter>Header Files</Filter>
    </ClInclude>
    <ClInclude Include="include\greentop\sport\PlaceInstructionReport.h">
      <Filter>Header Files</Filter>
    </ClInclude>
    <ClInclude Include="include\greentop\sport\PlaceOrdersRequest.h">
      <Filter>Header Files</Filter>
    </ClInclude>
    <ClInclude Include="include\greentop\sport\PriceLadderDescription.h">
      <Filter>Header Files</Filter>
    </ClInclude>
    <ClInclude Include="include\greentop\sport\PriceProjection.h">
      <Filter>Header Files</Filter>
    </ClInclude>
    <ClInclude Include="include\greentop\sport\PriceSize.h">
      <Filter>Header Files</Filter>
    </ClInclude>
    <ClInclude Include="include\greentop\sport\ReplaceExecutionReport.h">
      <Filter>Header Files</Filter>
    </ClInclude>
    <ClInclude Include="include\greentop\sport\ReplaceInstruction.h">
      <Filter>Header Files</Filter>
    </ClInclude>
    <ClInclude Include="include\greentop\sport\ReplaceInstructionReport.h">
      <Filter>Header Files</Filter>
    </ClInclude>
    <ClInclude Include="include\greentop\sport\ReplaceOrdersRequest.h">
      <Filter>Header Files</Filter>
    </ClInclude>
    <ClInclude Include="include\greentop\sport\Runner.h">
      <Filter>Header Files</Filter>
    </ClInclude>
    <ClInclude Include="include\greentop\sport\RunnerCatalog.h">
      <Filter>Header Files</Filter>
    </ClInclude>
    <ClInclude Include="include\greentop\sport\RunnerId.h">
      <Filter>Header Files</Filter>
    </ClInclude>
    <ClInclude Include="include\greentop\sport\RunnerProfitAndLoss.h">
      <Filter>Header Files</Filter>
    </ClInclude>
    <ClInclude Include="include\greentop\sport\StartingPrices.h">
      <Filter>Header Files</Filter>
    </ClInclude>
    <ClInclude Include="include\greentop\sport\TimeRangeResult.h">
      <Filter>Header Files</Filter>
    </ClInclude>
    <ClInclude Include="include\greentop\sport\UpdateExecutionReport.h">
      <Filter>Header Files</Filter>
    </ClInclude>
    <ClInclude Include="include\greentop\sport\UpdateInstruction.h">
      <Filter>Header Files</Filter>
    </ClInclude>
    <ClInclude Include="include\greentop\sport\UpdateInstructionReport.h">
      <Filter>Header Files</Filter>
    </ClInclude>
    <ClInclude Include="include\greentop\sport\UpdateOrdersRequest.h">
      <Filter>Header Files</Filter>
    </ClInclude>
    <ClInclude Include="include\greentop\sport\VenueResult.h">
      <Filter>Header Files</Filter>
    </ClInclude>
    <ClInclude Include="include\greentop\sport\enum\BetStatus.h">
      <Filter>Header Files</Filter>
    </ClInclude>
    <ClInclude Include="include\greentop\sport\enum\BetTargetType.h">
      <Filter>Header Files</Filter>
    </ClInclude>
    <ClInclude Include="include\greentop\sport\enum\ExecutionReportErrorCode.h">
      <Filter>Header Files</Filter>
    </ClInclude>
    <ClInclude Include="include\greentop\sport\enum\ExecutionReportStatus.h">
      <Filter>Header Files</Filter>
    </ClInclude>
    <ClInclude Include="include\greentop\sport\enum\GroupBy.h">
      <Filter>Header Files</Filter>
    </ClInclude>
    <ClInclude Include="include\greentop\sport\enum\InstructionReportErrorCode.h">
      <Filter>Header Files</Filter>
    </ClInclude>
    <ClInclude Include="include\greentop\sport\enum\InstructionReportStatus.h">
      <Filter>Header Files</Filter>
    </ClInclude>
    <ClInclude Include="include\greentop\sport\enum\MarketBettingType.h">
      <Filter>Header Files</Filter>
    </ClInclude>
    <ClInclude Include="include\greentop\sport\enum\MarketProjection.h">
      <Filter>Header Files</Filter>
    </ClInclude>
    <ClInclude Include="include\greentop\sport\enum\MarketSort.h">
      <Filter>Header Files</Filter>
    </ClInclude>
    <ClInclude Include="include\greentop\sport\enum\MarketStatus.h">
      <Filter>Header Files</Filter>
    </ClInclude>
    <ClInclude Include="include\greentop\sport\enum\MatchProjection.h">
      <Filter>Header Files</Filter>
    </ClInclude>
    <ClInclude Include="include\greentop\sport\enum\OrderBy.h">
      <Filter>Header Files</Filter>
    </ClInclude>
    <ClInclude Include="include\greentop\sport\enum\OrderProjection.h">
      <Filter>Header Files</Filter>
    </ClInclude>
    <ClInclude Include="include\greentop\sport\enum\OrderStatus.h">
      <Filter>Header Files</Filter>
    </ClInclude>
    <ClInclude Include="include\greentop\sport\enum\OrderType.h">
      <Filter>Header Files</Filter>
    </ClInclude>
    <ClInclude Include="include\greentop\sport\enum\PersistenceType.h">
      <Filter>Header Files</Filter>
    </ClInclude>
    <ClInclude Include="include\greentop\sport\enum\PriceData.h">
      <Filter>Header Files</Filter>
    </ClInclude>
    <ClInclude Include="include\greentop\sport\enum\PriceLadderType.h">
      <Filter>Header Files</Filter>
    </ClInclude>
    <ClInclude Include="include\greentop\sport\enum\RollupModel.h">
      <Filter>Header Files</Filter>
    </ClInclude>
    <ClInclude Include="include\greentop\sport\enum\RunnerStatus.h">
      <Filter>Header Files</Filter>
    </ClInclude>
    <ClInclude Include="include\greentop\sport\enum\Side.h">
      <Filter>Header Files</Filter>
    </ClInclude>
    <ClInclude Include="include\greentop\sport\enum\SortDir.h">
      <Filter>Header Files</Filter>
    </ClInclude>
    <ClInclude Include="include\greentop\sport\enum\TimeGranularity.h">
      <Filter>Header Files</Filter>
    </ClInclude>
    <ClInclude Include="include\greentop\sport\enum\TimeInForce.h">
      <Filter>Header Files</Filter>
    </ClInclude>
    <ClInclude Include="include\greentop\curl\Curl.h">
      <Filter>Header Files</Filter>
    </ClInclude>
    <ClInclude Include="include\greentop\curl\ICurl.h">
      <Filter>Header Files</Filter>
    </ClInclude>
    <ClInclude Include="include\greentop\sport\AddExposureReuseEnabledEventsRequest.h">
      <Filter>Header Files</Filter>
    </ClInclude>
    <ClInclude Include="include\greentop\sport\AddExposureReuseEnabledEventsResponse.h">
      <Filter>Header Files</Filter>
    </ClInclude>
    <ClInclude Include="include\greentop\sport\ExposureLimit.h">
      <Filter>Header Files</Filter>
    </ClInclude>
    <ClInclude Include="include\greentop\sport\ExposureLimitsForMarketGroups.h">
      <Filter>Header Files</Filter>
    </ClInclude>
    <ClInclude Include="include\greentop\sport\GetExposureReuseEnabledEventsResponse.h">
      <Filter>Header Files</Filter>
    </ClInclude>
    <ClInclude Include="include\greentop\sport\LimitBreachAction.h">
      <Filter>Header Files</Filter>
    </ClInclude>
    <ClInclude Include="include\greentop\sport\ListExposureLimitsForMarketGroupsRequest.h">
      <Filter>Header Files</Filter>
    </ClInclude>
    <ClInclude Include="include\greentop\sport\ListExposureLimitsForMarketGroupsResponse.h">
      <Filter>Header Files</Filter>
    </ClInclude>
    <ClInclude Include="include\greentop\sport\MarketGroup.h">
      <Filter>Header Files</Filter>
    </ClInclude>
    <ClInclude Include="include\greentop\sport\MarketGroupExposureLimit.h">
      <Filter>Header Files</Filter>
    </ClInclude>
    <ClInclude Include="include\greentop\sport\MarketGroupId.h">
      <Filter>Header Files</Filter>
    </ClInclude>
    <ClInclude Include="include\greentop\sport\RemoveDefaultExposureLimitForMarketGroupsRequest.h">
      <Filter>Header Files</Filter>
    </ClInclude>
    <ClInclude Include="include\greentop\sport\RemoveDefaultExposureLimitForMarketGroupsResponse.h">
      <Filter>Header Files</Filter>
    </ClInclude>
    <ClInclude Include="include\greentop\sport\RemoveExposureLimitForMarketGroupRequest.h">
      <Filter>Header Files</Filter>
    </ClInclude>
    <ClInclude Include="include\greentop\sport\RemoveExposureLimitForMarketGroupResponse.h">
      <Filter>Header Files</Filter>
    </ClInclude>
    <ClInclude Include="include\greentop\sport\RemoveExposureReuseEnabledEventsRequest.h">
      <Filter>Header Files</Filter>
    </ClInclude>
    <ClInclude Include="include\greentop\sport\RemoveExposureReuseEnabledEventsResponse.h">
      <Filter>Header Files</Filter>
    </ClInclude>
    <ClInclude Include="include\greentop\stream\AuthenticationMessage.h">
      <Filter>Header Files</Filter>
    </ClInclude>
    <ClInclude Include="include\greentop\stream\KeyLineDefinition.h">
      <Filter>Header Files</Filter>
    </ClInclude>
    <ClInclude Include="include\greentop\stream\KeyLineSelection.h">
      <Filter>Header Files</Filter>
    </ClInclude>
    <ClInclude Include="include\greentop\stream\MarketChange.h">
      <Filter>Header Files</Filter>
    </ClInclude>
    <ClInclude Include="include\greentop\stream\MarketChangeMessage.h">
      <Filter>Header Files</Filter>
    </ClInclude>
    <ClInclude Include="include\greentop\stream\MarketDataFilter.h">
      <Filter>Header Files</Filter>
    </ClInclude>
    <ClInclude Include="include\greentop\stream\MarketDefinition.h">
      <Filter>Header Files</Filter>
    </ClInclude>
    <ClInclude Include="include\greentop\stream\MarketFilter.h">
      <Filter>Header Files</Filter>
    </ClInclude>
    <ClInclude Include="include\greentop\stream\MarketSubscriptionMessage.h">
      <Filter>Header Files</Filter>
    </ClInclude>
    <ClInclude Include="include\greentop\stream\Observable.h">
      <Filter>Header Files</Filter>
    </ClInclude>
    <ClInclude Include="include\greentop\stream\Observer.h">
      <Filter>Header Files</Filter>
    </ClInclude>
    <ClInclude Include="include\greentop\stream\PriceLadderDefinition.h">
      <Filter>Header Files</Filter>
    </ClInclude>
    <ClInclude Include="include\greentop\stream\RequestMessage.h">
      <Filter>Header Files</Filter>
    </ClInclude>
    <ClInclude Include="include\greentop\stream\ResponseMessage.h">
      <Filter>Header Files</Filter>
    </ClInclude>
    <ClInclude Include="include\greentop\stream\RunnerChange.h">
      <Filter>Header Files</Filter>
    </ClInclude>
    <ClInclude Include="include\greentop\stream\RunnerDefinition.h">
      <Filter>Header Files</Filter>
    </ClInclude>
    <ClInclude Include="include\greentop\StreamApi.h">
      <Filter>Header Files</Filter>
    </ClInclude>
  </ItemGroup>
</Project>