
Microsoft Visual Studio Solution File, Format Version 12.00
# Visual Studio 14
VisualStudioVersion = 14.0.25420.1
MinimumVisualStudioVersion = 10.0.40219.1
Project("{8BC9CEB8-8B4A-11D0-8D11-00A0C91BC942}") = "greentop", "greentop.vcxproj", "{D359D602-2EB0-4F58-8304-DC76C1BC649A}"
EndProject
Project("{8BC9CEB8-8B4A-11D0-8D11-00A0C91BC942}") = "getAccountStatement", "examples\windows\getAccountStatement\getAccountStatement.vcxproj", "{0F45D8EA-12D5-49B4-A36C-EF3991E4198B}"
EndProject
Global
	GlobalSection(SolutionConfigurationPlatforms) = preSolution
		Debug|x64 = Debug|x64
		Debug|x86 = Debug|x86
		Release|x64 = Release|x64
		Release|x86 = Release|x86
	EndGlobalSection
	GlobalSection(ProjectConfigurationPlatforms) = postSolution
		{D359D602-2EB0-4F58-8304-DC76C1BC649A}.Debug|x64.ActiveCfg = Debug|x64
		{D359D602-2EB0-4F58-8304-DC76C1BC649A}.Debug|x64.Build.0 = Debug|x64
		{D359D602-2EB0-4F58-8304-DC76C1BC649A}.Debug|x86.ActiveCfg = Debug|Win32
		{D359D602-2EB0-4F58-8304-DC76C1BC649A}.Debug|x86.Build.0 = Debug|Win32
		{D359D602-2EB0-4F58-8304-DC76C1BC649A}.Release|x64.ActiveCfg = Release|x64
		{D359D602-2EB0-4F58-8304-DC76C1BC649A}.Release|x64.Build.0 = Release|x64
		{D359D602-2EB0-4F58-8304-DC76C1BC649A}.Release|x86.ActiveCfg = Release|Win32
		{D359D602-2EB0-4F58-8304-DC76C1BC649A}.Release|x86.Build.0 = Release|Win32
		{0F45D8EA-12D5-49B4-A36C-EF3991E4198B}.Debug|x64.ActiveCfg = Debug|x64
		{0F45D8EA-12D5-49B4-A36C-EF3991E4198B}.Debug|x64.Build.0 = Debug|x64
		{0F45D8EA-12D5-49B4-A36C-EF3991E4198B}.Debug|x86.ActiveCfg = Debug|Win32
		{0F45D8EA-12D5-49B4-A36C-EF3991E4198B}.Debug|x86.Build.0 = Debug|Win32
		{0F45D8EA-12D5-49B4-A36C-EF3991E4198B}.Release|x64.ActiveCfg = Release|x64
		{0F45D8EA-12D5-49B4-A36C-EF3991E4198B}.Release|x64.Build.0 = Release|x64
		{0F45D8EA-12D5-49B4-A36C-EF3991E4198B}.Release|x86.ActiveCfg = Release|Win32
		{0F45D8EA-12D5-49B4-A36C-EF3991E4198B}.Release|x86.Build.0 = Release|Win32
	EndGlobalSection
	GlobalSection(SolutionProperties) = preSolution
		HideSolutionNode = FALSE
	EndGlobalSection
EndGlobal
